// !$*UTF8*$!
{
	archiveVersion = 1;
	classes = {
	};
	objectVersion = 46;
	objects = {

/* Begin PBXBuildFile section */
		633A9C111C92CA2A00FA9F6E /* AppDelegate.swift in Sources */ = {isa = PBXBuildFile; fileRef = 633A9C101C92CA2A00FA9F6E /* AppDelegate.swift */; };
		633A9C131C92CA2A00FA9F6E /* ViewController.swift in Sources */ = {isa = PBXBuildFile; fileRef = 633A9C121C92CA2A00FA9F6E /* ViewController.swift */; };
		633A9C161C92CA2A00FA9F6E /* Main.storyboard in Resources */ = {isa = PBXBuildFile; fileRef = 633A9C141C92CA2A00FA9F6E /* Main.storyboard */; };
		633A9C181C92CA2B00FA9F6E /* Assets.xcassets in Resources */ = {isa = PBXBuildFile; fileRef = 633A9C171C92CA2B00FA9F6E /* Assets.xcassets */; };
		633A9C1B1C92CA2B00FA9F6E /* LaunchScreen.storyboard in Resources */ = {isa = PBXBuildFile; fileRef = 633A9C191C92CA2B00FA9F6E /* LaunchScreen.storyboard */; };
		633A9C291C92CE4400FA9F6E /* TableViewController.swift in Sources */ = {isa = PBXBuildFile; fileRef = 633A9C281C92CE4400FA9F6E /* TableViewController.swift */; };
/* End PBXBuildFile section */

/* Begin PBXFileReference section */
		633A9C0D1C92CA2A00FA9F6E /* Transiciones Avanzadas.app */ = {isa = PBXFileReference; explicitFileType = wrapper.application; includeInIndex = 0; path = "Transiciones Avanzadas.app"; sourceTree = BUILT_PRODUCTS_DIR; };
		633A9C101C92CA2A00FA9F6E /* AppDelegate.swift */ = {isa = PBXFileReference; lastKnownFileType = sourcecode.swift; path = AppDelegate.swift; sourceTree = "<group>"; };
		633A9C121C92CA2A00FA9F6E /* ViewController.swift */ = {isa = PBXFileReference; lastKnownFileType = sourcecode.swift; path = ViewController.swift; sourceTree = "<group>"; };
		633A9C151C92CA2A00FA9F6E /* Base */ = {isa = PBXFileReference; lastKnownFileType = file.storyboard; name = Base; path = Base.lproj/Main.storyboard; sourceTree = "<group>"; };
		633A9C171C92CA2B00FA9F6E /* Assets.xcassets */ = {isa = PBXFileReference; lastKnownFileType = folder.assetcatalog; path = Assets.xcassets; sourceTree = "<group>"; };
		633A9C1A1C92CA2B00FA9F6E /* Base */ = {isa = PBXFileReference; lastKnownFileType = file.storyboard; name = Base; path = Base.lproj/LaunchScreen.storyboard; sourceTree = "<group>"; };
		633A9C1C1C92CA2B00FA9F6E /* Info.plist */ = {isa = PBXFileReference; lastKnownFileType = text.plist.xml; path = Info.plist; sourceTree = "<group>"; };
		633A9C281C92CE4400FA9F6E /* TableViewController.swift */ = {isa = PBXFileReference; fileEncoding = 4; lastKnownFileType = sourcecode.swift; name = TableViewController.swift; path = ../TableViewController.swift; sourceTree = "<group>"; };
/* End PBXFileReference section */

/* Begin PBXFrameworksBuildPhase section */
		633A9C0A1C92CA2A00FA9F6E /* Frameworks */ = {
			isa = PBXFrameworksBuildPhase;
			buildActionMask = 2147483647;
			files = (
			);
			runOnlyForDeploymentPostprocessing = 0;
		};
/* End PBXFrameworksBuildPhase section */

/* Begin PBXGroup section */
		633A9C041C92CA2A00FA9F6E = {
			isa = PBXGroup;
			children = (
				633A9C0F1C92CA2A00FA9F6E /* Transiciones Avanzadas */,
				633A9C0E1C92CA2A00FA9F6E /* Products */,
			);
			sourceTree = "<group>";
		};
		633A9C0E1C92CA2A00FA9F6E /* Products */ = {
			isa = PBXGroup;
			children = (
				633A9C0D1C92CA2A00FA9F6E /* Transiciones Avanzadas.app */,
			);
			name = Products;
			sourceTree = "<group>";
		};
		633A9C0F1C92CA2A00FA9F6E /* Transiciones Avanzadas */ = {
			isa = PBXGroup;
			children = (
				633A9C101C92CA2A00FA9F6E /* AppDelegate.swift */,
				633A9C121C92CA2A00FA9F6E /* ViewController.swift */,
				633A9C281C92CE4400FA9F6E /* TableViewController.swift */,
				633A9C141C92CA2A00FA9F6E /* Main.storyboard */,
				633A9C171C92CA2B00FA9F6E /* Assets.xcassets */,
				633A9C191C92CA2B00FA9F6E /* LaunchScreen.storyboard */,
				633A9C1C1C92CA2B00FA9F6E /* Info.plist */,
			);
			path = "Transiciones Avanzadas";
			sourceTree = "<group>";
		};
/* End PBXGroup section */

/* Begin PBXNativeTarget section */
		633A9C0C1C92CA2A00FA9F6E /* Transiciones Avanzadas */ = {
			isa = PBXNativeTarget;
			buildConfigurationList = 633A9C1F1C92CA2B00FA9F6E /* Build configuration list for PBXNativeTarget "Transiciones Avanzadas" */;
			buildPhases = (
				633A9C091C92CA2A00FA9F6E /* Sources */,
				633A9C0A1C92CA2A00FA9F6E /* Frameworks */,
				633A9C0B1C92CA2A00FA9F6E /* Resources */,
			);
			buildRules = (
			);
			dependencies = (
			);
			name = "Transiciones Avanzadas";
			productName = "Transiciones Avanzadas";
			productReference = 633A9C0D1C92CA2A00FA9F6E /* Transiciones Avanzadas.app */;
			productType = "com.apple.product-type.application";
		};
/* End PBXNativeTarget section */

/* Begin PBXProject section */
		633A9C051C92CA2A00FA9F6E /* Project object */ = {
			isa = PBXProject;
			attributes = {
				LastSwiftUpdateCheck = 0720;
				LastUpgradeCheck = 0720;
				ORGANIZATIONNAME = "David Santiago Fdez-Bermejo Morales";
				TargetAttributes = {
					633A9C0C1C92CA2A00FA9F6E = {
						CreatedOnToolsVersion = 7.2.1;
					};
				};
			};
			buildConfigurationList = 633A9C081C92CA2A00FA9F6E /* Build configuration list for PBXProject "Transiciones Avanzadas" */;
			compatibilityVersion = "Xcode 3.2";
			developmentRegion = English;
			hasScannedForEncodings = 0;
			knownRegions = (
				en,
				Base,
			);
			mainGroup = 633A9C041C92CA2A00FA9F6E;
			productRefGroup = 633A9C0E1C92CA2A00FA9F6E /* Products */;
			projectDirPath = "";
			projectRoot = "";
			targets = (
				633A9C0C1C92CA2A00FA9F6E /* Transiciones Avanzadas */,
			);
		};
/* End PBXProject section */

/* Begin PBXResourcesBuildPhase section */
		633A9C0B1C92CA2A00FA9F6E /* Resources */ = {
			isa = PBXResourcesBuildPhase;
			buildActionMask = 2147483647;
			files = (
				633A9C1B1C92CA2B00FA9F6E /* LaunchScreen.storyboard in Resources */,
				633A9C181C92CA2B00FA9F6E /* Assets.xcassets in Resources */,
				633A9C161C92CA2A00FA9F6E /* Main.storyboard in Resources */,
			);
			runOnlyForDeploymentPostprocessing = 0;
		};
/* End PBXResourcesBuildPhase section */

/* Begin PBXSourcesBuildPhase section */
		633A9C091C92CA2A00FA9F6E /* Sources */ = {
			isa = PBXSourcesBuildPhase;
			buildActionMask = 2147483647;
			files = (
				633A9C131C92CA2A00FA9F6E /* ViewController.swift in Sources */,
				633A9C291C92CE4400FA9F6E /* TableViewController.swift in Sources */,
				633A9C111C92CA2A00FA9F6E /* AppDelegate.swift in Sources */,
			);
			runOnlyForDeploymentPostprocessing = 0;
		};
/* End PBXSourcesBuildPhase section */

/* Begin PBXVariantGroup section */
		633A9C141C92CA2A00FA9F6E /* Main.storyboard */ = {
			isa = PBXVariantGroup;
			children = (
				633A9C151C92CA2A00FA9F6E /* Base */,
			);
			name = Main.storyboard;
			sourceTree = "<group>";
		};
		633A9C191C92CA2B00FA9F6E /* LaunchScreen.storyboard */ = {
			isa = PBXVariantGroup;
			children = (
				633A9C1A1C92CA2B00FA9F6E /* Base */,
			);
			name = LaunchScreen.storyboard;
			sourceTree = "<group>";
		};
/* End PBXVariantGroup section */

/* Begin XCBuildConfiguration section */
		633A9C1D1C92CA2B00FA9F6E /* Debug */ = {
			isa = XCBuildConfiguration;
			buildSettings = {
				ALWAYS_SEARCH_USER_PATHS = NO;
				CLANG_CXX_LANGUAGE_STANDARD = "gnu++0x";
				CLANG_CXX_LIBRARY = "libc++";
				CLANG_ENABLE_MODULES = YES;
				CLANG_ENABLE_OBJC_ARC = YES;
				CLANG_WARN_BOOL_CONVERSION = YES;
				CLANG_WARN_CONSTANT_CONVERSION = YES;
				CLANG_WARN_DIRECT_OBJC_ISA_USAGE = YES_ERROR;
				CLANG_WARN_EMPTY_BODY = YES;
				CLANG_WARN_ENUM_CONVERSION = YES;
				CLANG_WARN_INT_CONVERSION = YES;
				CLANG_WARN_OBJC_ROOT_CLASS = YES_ERROR;
				CLANG_WARN_UNREACHABLE_CODE = YES;
				CLANG_WARN__DUPLICATE_METHOD_MATCH = YES;
				"CODE_SIGN_IDENTITY[sdk=iphoneos*]" = "iPhone Developer";
				COPY_PHASE_STRIP = NO;
				DEBUG_INFORMATION_FORMAT = dwarf;
				ENABLE_STRICT_OBJC_MSGSEND = YES;
				ENABLE_TESTABILITY = YES;
				GCC_C_LANGUAGE_STANDARD = gnu99;
				GCC_DYNAMIC_NO_PIC = NO;
				GCC_NO_COMMON_BLOCKS = YES;
				GCC_OPTIMIZATION_LEVEL = 0;
				GCC_PREPROCESSOR_DEFINITIONS = (
					"DEBUG=1",
					"$(inherited)",
				);
				GCC_WARN_64_TO_32_BIT_CONVERSION = YES;
				GCC_WARN_ABOUT_RETURN_TYPE = YES_ERROR;
				GCC_WARN_UNDECLARED_SELECTOR = YES;
				GCC_WARN_UNINITIALIZED_AUTOS = YES_AGGRESSIVE;
				GCC_WARN_UNUSED_FUNCTION = YES;
				GCC_WARN_UNUSED_VARIABLE = YES;
				IPHONEOS_DEPLOYMENT_TARGET = 9.2;
				MTL_ENABLE_DEBUG_INFO = YES;
				ONLY_ACTIVE_ARCH = YES;
				SDKROOT = iphoneos;
				SWIFT_OPTIMIZATION_LEVEL = "-Onone";
			};
			name = Debug;
		};
		633A9C1E1C92CA2B00FA9F6E /* Release */ = {
			isa = XCBuildConfiguration;
			buildSettings = {
				ALWAYS_SEARCH_USER_PATHS = NO;
				CLANG_CXX_LANGUAGE_STANDARD = "gnu++0x";
				CLANG_CXX_LIBRARY = "libc++";
				CLANG_ENABLE_MODULES = YES;
				CLANG_ENABLE_OBJC_ARC = YES;
				CLANG_WARN_BOOL_CONVERSION = YES;
				CLANG_WARN_CONSTANT_CONVERSION = YES;
				CLANG_WARN_DIRECT_OBJC_ISA_USAGE = YES_ERROR;
				CLANG_WARN_EMPTY_BODY = YES;
				CLANG_WARN_ENUM_CONVERSION = YES;
				CLANG_WARN_INT_CONVERSION = YES;
				CLANG_WARN_OBJC_ROOT_CLASS = YES_ERROR;
				CLANG_WARN_UNREACHABLE_CODE = YES;
				CLANG_WARN__DUPLICATE_METHOD_MATCH = YES;
				"CODE_SIGN_IDENTITY[sdk=iphoneos*]" = "iPhone Developer";
				COPY_PHASE_STRIP = NO;
				DEBUG_INFORMATION_FORMAT = "dwarf-with-dsym";
				ENABLE_NS_ASSERTIONS = NO;
				ENABLE_STRICT_OBJC_MSGSEND = YES;
				GCC_C_LANGUAGE_STANDARD = gnu99;
				GCC_NO_COMMON_BLOCKS = YES;
				GCC_WARN_64_TO_32_BIT_CONVERSION = YES;
				GCC_WARN_ABOUT_RETURN_TYPE = YES_ERROR;
				GCC_WARN_UNDECLARED_SELECTOR = YES;
				GCC_WARN_UNINITIALIZED_AUTOS = YES_AGGRESSIVE;
				GCC_WARN_UNUSED_FUNCTION = YES;
				GCC_WARN_UNUSED_VARIABLE = YES;
				IPHONEOS_DEPLOYMENT_TARGET = 9.2;
				MTL_ENABLE_DEBUG_INFO = NO;
				SDKROOT = iphoneos;
				VALIDATE_PRODUCT = YES;
			};
			name = Release;
		};
		633A9C201C92CA2B00FA9F6E /* Debug */ = {
			isa = XCBuildConfiguration;
			buildSettings = {
				ASSETCATALOG_COMPILER_APPICON_NAME = AppIcon;
				INFOPLIST_FILE = "Transiciones Avanzadas/Info.plist";
				LD_RUNPATH_SEARCH_PATHS = "$(inherited) @executable_path/Frameworks";
				PRODUCT_BUNDLE_IDENTIFIER = "net.davidsantiago.Transiciones-Avanzadas";
				PRODUCT_NAME = "$(TARGET_NAME)";
			};
			name = Debug;
		};
		633A9C211C92CA2B00FA9F6E /* Release */ = {
			isa = XCBuildConfiguration;
			buildSettings = {
				ASSETCATALOG_COMPILER_APPICON_NAME = AppIcon;
				INFOPLIST_FILE = "Transiciones Avanzadas/Info.plist";
				LD_RUNPATH_SEARCH_PATHS = "$(inherited) @executable_path/Frameworks";
				PRODUCT_BUNDLE_IDENTIFIER = "net.davidsantiago.Transiciones-Avanzadas";
				PRODUCT_NAME = "$(TARGET_NAME)";
			};
			name = Release;
		};
/* End XCBuildConfiguration section */

/* Begin XCConfigurationList section */
		633A9C081C92CA2A00FA9F6E /* Build configuration list for PBXProject "Transiciones Avanzadas" */ = {
			isa = XCConfigurationList;
			buildConfigurations = (
				633A9C1D1C92CA2B00FA9F6E /* Debug */,
				633A9C1E1C92CA2B00FA9F6E /* Release */,
			);
			defaultConfigurationIsVisible = 0;
			defaultConfigurationName = Release;
		};
		633A9C1F1C92CA2B00FA9F6E /* Build configuration list for PBXNativeTarget "Transiciones Avanzadas" */ = {
			isa = XCConfigurationList;
			buildConfigurations = (
				633A9C201C92CA2B00FA9F6E /* Debug */,
				633A9C211C92CA2B00FA9F6E /* Release */,
			);
			defaultConfigurationIsVisible = 0;
		};
/* End XCConfigurationList section */
	};
	rootObject = 633A9C051C92CA2A00FA9F6E /* Project object */;
}
