// !$*UTF8*$!
{
	archiveVersion = 1;
	classes = {
	};
	objectVersion = 46;
	objects = {

/* Begin PBXBuildFile section */
		63BB94621C9181E5008AB2EE /* AppDelegate.swift in Sources */ = {isa = PBXBuildFile; fileRef = 63BB94611C9181E5008AB2EE /* AppDelegate.swift */; };
		63BB94641C9181E5008AB2EE /* ViewController.swift in Sources */ = {isa = PBXBuildFile; fileRef = 63BB94631C9181E5008AB2EE /* ViewController.swift */; };
		63BB94671C9181E5008AB2EE /* Main.storyboard in Resources */ = {isa = PBXBuildFile; fileRef = 63BB94651C9181E5008AB2EE /* Main.storyboard */; };
		63BB94691C9181E5008AB2EE /* Assets.xcassets in Resources */ = {isa = PBXBuildFile; fileRef = 63BB94681C9181E5008AB2EE /* Assets.xcassets */; };
		63BB946C1C9181E5008AB2EE /* LaunchScreen.storyboard in Resources */ = {isa = PBXBuildFile; fileRef = 63BB946A1C9181E5008AB2EE /* LaunchScreen.storyboard */; };
/* End PBXBuildFile section */

/* Begin PBXFileReference section */
		63BB945E1C9181E5008AB2EE /* Ejemplo Mapas.app */ = {isa = PBXFileReference; explicitFileType = wrapper.application; includeInIndex = 0; path = "Ejemplo Mapas.app"; sourceTree = BUILT_PRODUCTS_DIR; };
		63BB94611C9181E5008AB2EE /* AppDelegate.swift */ = {isa = PBXFileReference; lastKnownFileType = sourcecode.swift; path = AppDelegate.swift; sourceTree = "<group>"; };
		63BB94631C9181E5008AB2EE /* ViewController.swift */ = {isa = PBXFileReference; lastKnownFileType = sourcecode.swift; path = ViewController.swift; sourceTree = "<group>"; };
		63BB94661C9181E5008AB2EE /* Base */ = {isa = PBXFileReference; lastKnownFileType = file.storyboard; name = Base; path = Base.lproj/Main.storyboard; sourceTree = "<group>"; };
		63BB94681C9181E5008AB2EE /* Assets.xcassets */ = {isa = PBXFileReference; lastKnownFileType = folder.assetcatalog; path = Assets.xcassets; sourceTree = "<group>"; };
		63BB946B1C9181E5008AB2EE /* Base */ = {isa = PBXFileReference; lastKnownFileType = file.storyboard; name = Base; path = Base.lproj/LaunchScreen.storyboard; sourceTree = "<group>"; };
		63BB946D1C9181E5008AB2EE /* Info.plist */ = {isa = PBXFileReference; lastKnownFileType = text.plist.xml; path = Info.plist; sourceTree = "<group>"; };
/* End PBXFileReference section */

/* Begin PBXFrameworksBuildPhase section */
		63BB945B1C9181E5008AB2EE /* Frameworks */ = {
			isa = PBXFrameworksBuildPhase;
			buildActionMask = 2147483647;
			files = (
			);
			runOnlyForDeploymentPostprocessing = 0;
		};
/* End PBXFrameworksBuildPhase section */

/* Begin PBXGroup section */
		63BB94551C9181E5008AB2EE = {
			isa = PBXGroup;
			children = (
				63BB94601C9181E5008AB2EE /* Ejemplo Mapas */,
				63BB945F1C9181E5008AB2EE /* Products */,
			);
			sourceTree = "<group>";
		};
		63BB945F1C9181E5008AB2EE /* Products */ = {
			isa = PBXGroup;
			children = (
				63BB945E1C9181E5008AB2EE /* Ejemplo Mapas.app */,
			);
			name = Products;
			sourceTree = "<group>";
		};
		63BB94601C9181E5008AB2EE /* Ejemplo Mapas */ = {
			isa = PBXGroup;
			children = (
				63BB94611C9181E5008AB2EE /* AppDelegate.swift */,
				63BB94631C9181E5008AB2EE /* ViewController.swift */,
				63BB94651C9181E5008AB2EE /* Main.storyboard */,
				63BB94681C9181E5008AB2EE /* Assets.xcassets */,
				63BB946A1C9181E5008AB2EE /* LaunchScreen.storyboard */,
				63BB946D1C9181E5008AB2EE /* Info.plist */,
			);
			path = "Ejemplo Mapas";
			sourceTree = "<group>";
		};
/* End PBXGroup section */

/* Begin PBXNativeTarget section */
		63BB945D1C9181E5008AB2EE /* Ejemplo Mapas */ = {
			isa = PBXNativeTarget;
			buildConfigurationList = 63BB94701C9181E5008AB2EE /* Build configuration list for PBXNativeTarget "Ejemplo Mapas" */;
			buildPhases = (
				63BB945A1C9181E5008AB2EE /* Sources */,
				63BB945B1C9181E5008AB2EE /* Frameworks */,
				63BB945C1C9181E5008AB2EE /* Resources */,
			);
			buildRules = (
			);
			dependencies = (
			);
			name = "Ejemplo Mapas";
			productName = "Ejemplo Mapas";
			productReference = 63BB945E1C9181E5008AB2EE /* Ejemplo Mapas.app */;
			productType = "com.apple.product-type.application";
		};
/* End PBXNativeTarget section */

/* Begin PBXProject section */
		63BB94561C9181E5008AB2EE /* Project object */ = {
			isa = PBXProject;
			attributes = {
				LastSwiftUpdateCheck = 0720;
				LastUpgradeCheck = 0720;
				ORGANIZATIONNAME = "David Santiago Fdez-Bermejo Morales";
				TargetAttributes = {
					63BB945D1C9181E5008AB2EE = {
						CreatedOnToolsVersion = 7.2.1;
						DevelopmentTeam = 2D3N8QKRJK;
					};
				};
			};
			buildConfigurationList = 63BB94591C9181E5008AB2EE /* Build configuration list for PBXProject "Ejemplo Mapas" */;
			compatibilityVersion = "Xcode 3.2";
			developmentRegion = English;
			hasScannedForEncodings = 0;
			knownRegions = (
				en,
				Base,
			);
			mainGroup = 63BB94551C9181E5008AB2EE;
			productRefGroup = 63BB945F1C9181E5008AB2EE /* Products */;
			projectDirPath = "";
			projectRoot = "";
			targets = (
				63BB945D1C9181E5008AB2EE /* Ejemplo Mapas */,
			);
		};
/* End PBXProject section */

/* Begin PBXResourcesBuildPhase section */
		63BB945C1C9181E5008AB2EE /* Resources */ = {
			isa = PBXResourcesBuildPhase;
			buildActionMask = 2147483647;
			files = (
				63BB946C1C9181E5008AB2EE /* LaunchScreen.storyboard in Resources */,
				63BB94691C9181E5008AB2EE /* Assets.xcassets in Resources */,
				63BB94671C9181E5008AB2EE /* Main.storyboard in Resources */,
			);
			runOnlyForDeploymentPostprocessing = 0;
		};
/* End PBXResourcesBuildPhase section */

/* Begin PBXSourcesBuildPhase section */
		63BB945A1C9181E5008AB2EE /* Sources */ = {
			isa = PBXSourcesBuildPhase;
			buildActionMask = 2147483647;
			files = (
				63BB94641C9181E5008AB2EE /* ViewController.swift in Sources */,
				63BB94621C9181E5008AB2EE /* AppDelegate.swift in Sources */,
			);
			runOnlyForDeploymentPostprocessing = 0;
		};
/* End PBXSourcesBuildPhase section */

/* Begin PBXVariantGroup section */
		63BB94651C9181E5008AB2EE /* Main.storyboard */ = {
			isa = PBXVariantGroup;
			children = (
				63BB94661C9181E5008AB2EE /* Base */,
			);
			name = Main.storyboard;
			sourceTree = "<group>";
		};
		63BB946A1C9181E5008AB2EE /* LaunchScreen.storyboard */ = {
			isa = PBXVariantGroup;
			children = (
				63BB946B1C9181E5008AB2EE /* Base */,
			);
			name = LaunchScreen.storyboard;
			sourceTree = "<group>";
		};
/* End PBXVariantGroup section */

/* Begin XCBuildConfiguration section */
		63BB946E1C9181E5008AB2EE /* Debug */ = {
			isa = XCBuildConfiguration;
			buildSettings = {
				ALWAYS_SEARCH_USER_PATHS = NO;
				CLANG_CXX_LANGUAGE_STANDARD = "gnu++0x";
				CLANG_CXX_LIBRARY = "libc++";
				CLANG_ENABLE_MODULES = YES;
				CLANG_ENABLE_OBJC_ARC = YES;
				CLANG_WARN_BOOL_CONVERSION = YES;
				CLANG_WARN_CONSTANT_CONVERSION = YES;
				CLANG_WARN_DIRECT_OBJC_ISA_USAGE = YES_ERROR;
				CLANG_WARN_EMPTY_BODY = YES;
				CLANG_WARN_ENUM_CONVERSION = YES;
				CLANG_WARN_INT_CONVERSION = YES;
				CLANG_WARN_OBJC_ROOT_CLASS = YES_ERROR;
				CLANG_WARN_UNREACHABLE_CODE = YES;
				CLANG_WARN__DUPLICATE_METHOD_MATCH = YES;
				"CODE_SIGN_IDENTITY[sdk=iphoneos*]" = "iPhone Developer";
				COPY_PHASE_STRIP = NO;
				DEBUG_INFORMATION_FORMAT = dwarf;
				ENABLE_STRICT_OBJC_MSGSEND = YES;
				ENABLE_TESTABILITY = YES;
				GCC_C_LANGUAGE_STANDARD = gnu99;
				GCC_DYNAMIC_NO_PIC = NO;
				GCC_NO_COMMON_BLOCKS = YES;
				GCC_OPTIMIZATION_LEVEL = 0;
				GCC_PREPROCESSOR_DEFINITIONS = (
					"DEBUG=1",
					"$(inherited)",
				);
				GCC_WARN_64_TO_32_BIT_CONVERSION = YES;
				GCC_WARN_ABOUT_RETURN_TYPE = YES_ERROR;
				GCC_WARN_UNDECLARED_SELECTOR = YES;
				GCC_WARN_UNINITIALIZED_AUTOS = YES_AGGRESSIVE;
				GCC_WARN_UNUSED_FUNCTION = YES;
				GCC_WARN_UNUSED_VARIABLE = YES;
				IPHONEOS_DEPLOYMENT_TARGET = 9.2;
				MTL_ENABLE_DEBUG_INFO = YES;
				ONLY_ACTIVE_ARCH = YES;
				SDKROOT = iphoneos;
				SWIFT_OPTIMIZATION_LEVEL = "-Onone";
			};
			name = Debug;
		};
		63BB946F1C9181E5008AB2EE /* Release */ = {
			isa = XCBuildConfiguration;
			buildSettings = {
				ALWAYS_SEARCH_USER_PATHS = NO;
				CLANG_CXX_LANGUAGE_STANDARD = "gnu++0x";
				CLANG_CXX_LIBRARY = "libc++";
				CLANG_ENABLE_MODULES = YES;
				CLANG_ENABLE_OBJC_ARC = YES;
				CLANG_WARN_BOOL_CONVERSION = YES;
				CLANG_WARN_CONSTANT_CONVERSION = YES;
				CLANG_WARN_DIRECT_OBJC_ISA_USAGE = YES_ERROR;
				CLANG_WARN_EMPTY_BODY = YES;
				CLANG_WARN_ENUM_CONVERSION = YES;
				CLANG_WARN_INT_CONVERSION = YES;
				CLANG_WARN_OBJC_ROOT_CLASS = YES_ERROR;
				CLANG_WARN_UNREACHABLE_CODE = YES;
				CLANG_WARN__DUPLICATE_METHOD_MATCH = YES;
				"CODE_SIGN_IDENTITY[sdk=iphoneos*]" = "iPhone Developer";
				COPY_PHASE_STRIP = NO;
				DEBUG_INFORMATION_FORMAT = "dwarf-with-dsym";
				ENABLE_NS_ASSERTIONS = NO;
				ENABLE_STRICT_OBJC_MSGSEND = YES;
				GCC_C_LANGUAGE_STANDARD = gnu99;
				GCC_NO_COMMON_BLOCKS = YES;
				GCC_WARN_64_TO_32_BIT_CONVERSION = YES;
				GCC_WARN_ABOUT_RETURN_TYPE = YES_ERROR;
				GCC_WARN_UNDECLARED_SELECTOR = YES;
				GCC_WARN_UNINITIALIZED_AUTOS = YES_AGGRESSIVE;
				GCC_WARN_UNUSED_FUNCTION = YES;
				GCC_WARN_UNUSED_VARIABLE = YES;
				IPHONEOS_DEPLOYMENT_TARGET = 9.2;
				MTL_ENABLE_DEBUG_INFO = NO;
				SDKROOT = iphoneos;
				VALIDATE_PRODUCT = YES;
			};
			name = Release;
		};
		63BB94711C9181E5008AB2EE /* Debug */ = {
			isa = XCBuildConfiguration;
			buildSettings = {
				ASSETCATALOG_COMPILER_APPICON_NAME = AppIcon;
				CODE_SIGN_IDENTITY = "iPhone Developer";
				"CODE_SIGN_IDENTITY[sdk=iphoneos*]" = "iPhone Developer";
				INFOPLIST_FILE = "Ejemplo Mapas/Info.plist";
				LD_RUNPATH_SEARCH_PATHS = "$(inherited) @executable_path/Frameworks";
				PRODUCT_BUNDLE_IDENTIFIER = "net.davidsantiago.Ejemplo-Mapas";
				PRODUCT_NAME = "$(TARGET_NAME)";
				PROVISIONING_PROFILE = "";
			};
			name = Debug;
		};
		63BB94721C9181E5008AB2EE /* Release */ = {
			isa = XCBuildConfiguration;
			buildSettings = {
				ASSETCATALOG_COMPILER_APPICON_NAME = AppIcon;
				CODE_SIGN_IDENTITY = "iPhone Developer";
				"CODE_SIGN_IDENTITY[sdk=iphoneos*]" = "iPhone Developer";
				INFOPLIST_FILE = "Ejemplo Mapas/Info.plist";
				LD_RUNPATH_SEARCH_PATHS = "$(inherited) @executable_path/Frameworks";
				PRODUCT_BUNDLE_IDENTIFIER = "net.davidsantiago.Ejemplo-Mapas";
				PRODUCT_NAME = "$(TARGET_NAME)";
				PROVISIONING_PROFILE = "";
			};
			name = Release;
		};
/* End XCBuildConfiguration section */

/* Begin XCConfigurationList section */
		63BB94591C9181E5008AB2EE /* Build configuration list for PBXProject "Ejemplo Mapas" */ = {
			isa = XCConfigurationList;
			buildConfigurations = (
				63BB946E1C9181E5008AB2EE /* Debug */,
				63BB946F1C9181E5008AB2EE /* Release */,
			);
			defaultConfigurationIsVisible = 0;
			defaultConfigurationName = Release;
		};
		63BB94701C9181E5008AB2EE /* Build configuration list for PBXNativeTarget "Ejemplo Mapas" */ = {
			isa = XCConfigurationList;
			buildConfigurations = (
				63BB94711C9181E5008AB2EE /* Debug */,
				63BB94721C9181E5008AB2EE /* Release */,
			);
			defaultConfigurationIsVisible = 0;
		};
/* End XCConfigurationList section */
	};
	rootObject = 63BB94561C9181E5008AB2EE /* Project object */;
}
